
Microsoft Visual Studio Solution File, Format Version 12.00
# Visual Studio Version 17
VisualStudioVersion = 17.9.34728.123
MinimumVisualStudioVersion = 10.0.40219.1
Project("{FAE04EC0-301F-11D3-BF4B-00C04F79EFBC}") = "WindowsFormsApp1", "WindowsFormsApp1\WindowsFormsApp1.csproj", "{246D12CF-A538-454E-8192-CBB56358EB1C}"
EndProject
Global
	GlobalSection(SolutionConfigurationPlatforms) = preSolution
		Debug|Any CPU = Debug|Any CPU
		Release|Any CPU = Release|Any CPU
	EndGlobalSection
	GlobalSection(ProjectConfigurationPlatforms) = postSolution
		{246D12CF-A538-454E-8192-CBB56358EB1C}.Debug|Any CPU.ActiveCfg = Debug|Any CPU
		{246D12CF-A538-454E-8192-CBB56358EB1C}.Debug|Any CPU.Build.0 = Debug|Any CPU
		{246D12CF-A538-454E-8192-CBB56358EB1C}.Release|Any CPU.ActiveCfg = Release|Any CPU
		{246D12CF-A538-454E-8192-CBB56358EB1C}.Release|Any CPU.Build.0 = Release|Any CPU
	EndGlobalSection
	GlobalSection(SolutionProperties) = preSolution
		HideSolutionNode = FALSE
	EndGlobalSection
	GlobalSection(ExtensibilityGlobals) = postSolution
		SolutionGuid = {1D49775E-D8D9-4E9A-8ACF-11DD93658C82}
	EndGlobalSection
EndGlobal
